
Microsoft Visual Studio Solution File, Format Version 12.00
# Visual Studio Version 17
VisualStudioVersion = 17.1.32319.34
MinimumVisualStudioVersion = 10.0.40219.1
Project("{FAE04EC0-301F-11D3-BF4B-00C04F79EFBC}") = "newapi", "newapi\newapi.csproj", "{BEB22C1C-8657-4C69-B04E-128250F2E847}"
EndProject
Global
	GlobalSection(SolutionConfigurationPlatforms) = preSolution
		Debug|Any CPU = Debug|Any CPU
		Release|Any CPU = Release|Any CPU
	EndGlobalSection
	GlobalSection(ProjectConfigurationPlatforms) = postSolution
		{BEB22C1C-8657-4C69-B04E-128250F2E847}.Debug|Any CPU.ActiveCfg = Debug|Any CPU
		{BEB22C1C-8657-4C69-B04E-128250F2E847}.Debug|Any CPU.Build.0 = Debug|Any CPU
		{BEB22C1C-8657-4C69-B04E-128250F2E847}.Release|Any CPU.ActiveCfg = Release|Any CPU
		{BEB22C1C-8657-4C69-B04E-128250F2E847}.Release|Any CPU.Build.0 = Release|Any CPU
	EndGlobalSection
	GlobalSection(SolutionProperties) = preSolution
		HideSolutionNode = FALSE
	EndGlobalSection
	GlobalSection(ExtensibilityGlobals) = postSolution
		SolutionGuid = {4AC98699-50A3-44DD-809B-2AE60D8EFC92}
	EndGlobalSection
EndGlobal
